
Microsoft Visual Studio Solution File, Format Version 12.00
# Visual Studio 15
VisualStudioVersion = 15.0.28307.539
MinimumVisualStudioVersion = 10.0.40219.1
Project("{8BC9CEB8-8B4A-11D0-8D11-00A0C91BC942}") = "1_Select_Model", "1_Select_Model\1_Select_Model.vcxproj", "{A8A0756E-E1D5-40A7-9402-E3DCC34C4FB9}"
EndProject
Project("{8BC9CEB8-8B4A-11D0-8D11-00A0C91BC942}") = "Telnet_Client", "Telnet_Client\Telnet_Client.vcxproj", "{8474C708-D77E-4D65-AFAE-AA12D14A34D0}"
EndProject
Project("{8BC9CEB8-8B4A-11D0-8D11-00A0C91BC942}") = "2_WSAAsyncSelect", "2_WSAAsyncSelect\2_WSAAsyncSelect.vcxproj", "{E441A87B-C53F-4B23-8BE9-5FE0DE8F8494}"
EndProject
Global
	GlobalSection(SolutionConfigurationPlatforms) = preSolution
		Debug|x64 = Debug|x64
		Debug|x86 = Debug|x86
		Release|x64 = Release|x64
		Release|x86 = Release|x86
	EndGlobalSection
	GlobalSection(ProjectConfigurationPlatforms) = postSolution
		{A8A0756E-E1D5-40A7-9402-E3DCC34C4FB9}.Debug|x64.ActiveCfg = Debug|x64
		{A8A0756E-E1D5-40A7-9402-E3DCC34C4FB9}.Debug|x64.Build.0 = Debug|x64
		{A8A0756E-E1D5-40A7-9402-E3DCC34C4FB9}.Debug|x86.ActiveCfg = Debug|Win32
		{A8A0756E-E1D5-40A7-9402-E3DCC34C4FB9}.Debug|x86.Build.0 = Debug|Win32
		{A8A0756E-E1D5-40A7-9402-E3DCC34C4FB9}.Release|x64.ActiveCfg = Release|x64
		{A8A0756E-E1D5-40A7-9402-E3DCC34C4FB9}.Release|x64.Build.0 = Release|x64
		{A8A0756E-E1D5-40A7-9402-E3DCC34C4FB9}.Release|x86.ActiveCfg = Release|Win32
		{A8A0756E-E1D5-40A7-9402-E3DCC34C4FB9}.Release|x86.Build.0 = Release|Win32
		{8474C708-D77E-4D65-AFAE-AA12D14A34D0}.Debug|x64.ActiveCfg = Debug|x64
		{8474C708-D77E-4D65-AFAE-AA12D14A34D0}.Debug|x64.Build.0 = Debug|x64
		{8474C708-D77E-4D65-AFAE-AA12D14A34D0}.Debug|x86.ActiveCfg = Debug|Win32
		{8474C708-D77E-4D65-AFAE-AA12D14A34D0}.Debug|x86.Build.0 = Debug|Win32
		{8474C708-D77E-4D65-AFAE-AA12D14A34D0}.Release|x64.ActiveCfg = Release|x64
		{8474C708-D77E-4D65-AFAE-AA12D14A34D0}.Release|x64.Build.0 = Release|x64
		{8474C708-D77E-4D65-AFAE-AA12D14A34D0}.Release|x86.ActiveCfg = Release|Win32
		{8474C708-D77E-4D65-AFAE-AA12D14A34D0}.Release|x86.Build.0 = Release|Win32
		{E441A87B-C53F-4B23-8BE9-5FE0DE8F8494}.Debug|x64.ActiveCfg = Debug|x64
		{E441A87B-C53F-4B23-8BE9-5FE0DE8F8494}.Debug|x64.Build.0 = Debug|x64
		{E441A87B-C53F-4B23-8BE9-5FE0DE8F8494}.Debug|x86.ActiveCfg = Debug|Win32
		{E441A87B-C53F-4B23-8BE9-5FE0DE8F8494}.Debug|x86.Build.0 = Debug|Win32
		{E441A87B-C53F-4B23-8BE9-5FE0DE8F8494}.Release|x64.ActiveCfg = Release|x64
		{E441A87B-C53F-4B23-8BE9-5FE0DE8F8494}.Release|x64.Build.0 = Release|x64
		{E441A87B-C53F-4B23-8BE9-5FE0DE8F8494}.Release|x86.ActiveCfg = Release|Win32
		{E441A87B-C53F-4B23-8BE9-5FE0DE8F8494}.Release|x86.Build.0 = Release|Win32
	EndGlobalSection
	GlobalSection(SolutionProperties) = preSolution
		HideSolutionNode = FALSE
	EndGlobalSection
	GlobalSection(ExtensibilityGlobals) = postSolution
		SolutionGuid = {3DCFF3C1-06BE-4AEA-B877-434D97F26E97}
	EndGlobalSection
EndGlobal
